
Microsoft Visual Studio Solution File, Format Version 12.00
# Visual Studio Version 17
VisualStudioVersion = 17.0.31903.59
MinimumVisualStudioVersion = 10.0.40219.1
Project("{2150E333-8FDC-42A3-9474-1A3956D46DE8}") = "src", "src", "{827E0CD3-B72D-47B6-A68D-7590B98EB39B}"
EndProject
Project("{FAE04EC0-301F-11D3-BF4B-00C04F79EFBC}") = "MobileBill.Domain", "src\MobileBill.Domain\MobileBill.Domain.csproj", "{4035737C-4917-4EA6-87DE-DF850974F078}"
EndProject
Project("{FAE04EC0-301F-11D3-BF4B-00C04F79EFBC}") = "MobileBill.Application", "src\MobileBill.Application\MobileBill.Application.csproj", "{1B6F84D2-19D4-4C4B-9F00-F84DD98ACA04}"
EndProject
Project("{FAE04EC0-301F-11D3-BF4B-00C04F79EFBC}") = "MobileBill.Infrastructure", "src\MobileBill.Infrastructure\MobileBill.Infrastructure.csproj", "{F039FC2D-4959-405C-9BE0-22BE74835B0C}"
EndProject
Project("{FAE04EC0-301F-11D3-BF4B-00C04F79EFBC}") = "MobileBill.Api", "src\MobileBill.Api\MobileBill.Api.csproj", "{BEAAFCB5-9F70-4205-BD28-DAF67BEEB611}"
EndProject
Project("{2150E333-8FDC-42A3-9474-1A3956D46DE8}") = "tests", "tests", "{0AB3BF05-4346-4AA6-1389-037BE0695223}"
EndProject
Project("{FAE04EC0-301F-11D3-BF4B-00C04F79EFBC}") = "MobileBill.UnitTests", "tests\MobileBill.UnitTests\MobileBill.UnitTests.csproj", "{835A911D-53DE-4BF4-973F-2AFC7B6FE1AB}"
EndProject
Project("{FAE04EC0-301F-11D3-BF4B-00C04F79EFBC}") = "MobileBill.IntegrationTests", "tests\MobileBill.IntegrationTests\MobileBill.IntegrationTests.csproj", "{D89F7666-1101-4F27-9726-CC55A658C044}"
EndProject
Global
	GlobalSection(SolutionConfigurationPlatforms) = preSolution
		Debug|Any CPU = Debug|Any CPU
		Debug|x64 = Debug|x64
		Debug|x86 = Debug|x86
		Release|Any CPU = Release|Any CPU
		Release|x64 = Release|x64
		Release|x86 = Release|x86
	EndGlobalSection
	GlobalSection(ProjectConfigurationPlatforms) = postSolution
		{4035737C-4917-4EA6-87DE-DF850974F078}.Debug|Any CPU.ActiveCfg = Debug|Any CPU
		{4035737C-4917-4EA6-87DE-DF850974F078}.Debug|Any CPU.Build.0 = Debug|Any CPU
		{4035737C-4917-4EA6-87DE-DF850974F078}.Debug|x64.ActiveCfg = Debug|Any CPU
		{4035737C-4917-4EA6-87DE-DF850974F078}.Debug|x64.Build.0 = Debug|Any CPU
		{4035737C-4917-4EA6-87DE-DF850974F078}.Debug|x86.ActiveCfg = Debug|Any CPU
		{4035737C-4917-4EA6-87DE-DF850974F078}.Debug|x86.Build.0 = Debug|Any CPU
		{4035737C-4917-4EA6-87DE-DF850974F078}.Release|Any CPU.ActiveCfg = Release|Any CPU
		{4035737C-4917-4EA6-87DE-DF850974F078}.Release|Any CPU.Build.0 = Release|Any CPU
		{4035737C-4917-4EA6-87DE-DF850974F078}.Release|x64.ActiveCfg = Release|Any CPU
		{4035737C-4917-4EA6-87DE-DF850974F078}.Release|x64.Build.0 = Release|Any CPU
		{4035737C-4917-4EA6-87DE-DF850974F078}.Release|x86.ActiveCfg = Release|Any CPU
		{4035737C-4917-4EA6-87DE-DF850974F078}.Release|x86.Build.0 = Release|Any CPU
		{1B6F84D2-19D4-4C4B-9F00-F84DD98ACA04}.Debug|Any CPU.ActiveCfg = Debug|Any CPU
		{1B6F84D2-19D4-4C4B-9F00-F84DD98ACA04}.Debug|Any CPU.Build.0 = Debug|Any CPU
		{1B6F84D2-19D4-4C4B-9F00-F84DD98ACA04}.Debug|x64.ActiveCfg = Debug|Any CPU
		{1B6F84D2-19D4-4C4B-9F00-F84DD98ACA04}.Debug|x64.Build.0 = Debug|Any CPU
		{1B6F84D2-19D4-4C4B-9F00-F84DD98ACA04}.Debug|x86.ActiveCfg = Debug|Any CPU
		{1B6F84D2-19D4-4C4B-9F00-F84DD98ACA04}.Debug|x86.Build.0 = Debug|Any CPU
		{1B6F84D2-19D4-4C4B-9F00-F84DD98ACA04}.Release|Any CPU.ActiveCfg = Release|Any CPU
		{1B6F84D2-19D4-4C4B-9F00-F84DD98ACA04}.Release|Any CPU.Build.0 = Release|Any CPU
		{1B6F84D2-19D4-4C4B-9F00-F84DD98ACA04}.Release|x64.ActiveCfg = Release|Any CPU
		{1B6F84D2-19D4-4C4B-9F00-F84DD98ACA04}.Release|x64.Build.0 = Release|Any CPU
		{1B6F84D2-19D4-4C4B-9F00-F84DD98ACA04}.Release|x86.ActiveCfg = Release|Any CPU
		{1B6F84D2-19D4-4C4B-9F00-F84DD98ACA04}.Release|x86.Build.0 = Release|Any CPU
		{F039FC2D-4959-405C-9BE0-22BE74835B0C}.Debug|Any CPU.ActiveCfg = Debug|Any CPU
		{F039FC2D-4959-405C-9BE0-22BE74835B0C}.Debug|Any CPU.Build.0 = Debug|Any CPU
		{F039FC2D-4959-405C-9BE0-22BE74835B0C}.Debug|x64.ActiveCfg = Debug|Any CPU
		{F039FC2D-4959-405C-9BE0-22BE74835B0C}.Debug|x64.Build.0 = Debug|Any CPU
		{F039FC2D-4959-405C-9BE0-22BE74835B0C}.Debug|x86.ActiveCfg = Debug|Any CPU
		{F039FC2D-4959-405C-9BE0-22BE74835B0C}.Debug|x86.Build.0 = Debug|Any CPU
		{F039FC2D-4959-405C-9BE0-22BE74835B0C}.Release|Any CPU.ActiveCfg = Release|Any CPU
		{F039FC2D-4959-405C-9BE0-22BE74835B0C}.Release|Any CPU.Build.0 = Release|Any CPU
		{F039FC2D-4959-405C-9BE0-22BE74835B0C}.Release|x64.ActiveCfg = Release|Any CPU
		{F039FC2D-4959-405C-9BE0-22BE74835B0C}.Release|x64.Build.0 = Release|Any CPU
		{F039FC2D-4959-405C-9BE0-22BE74835B0C}.Release|x86.ActiveCfg = Release|Any CPU
		{F039FC2D-4959-405C-9BE0-22BE74835B0C}.Release|x86.Build.0 = Release|Any CPU
		{BEAAFCB5-9F70-4205-BD28-DAF67BEEB611}.Debug|Any CPU.ActiveCfg = Debug|Any CPU
		{BEAAFCB5-9F70-4205-BD28-DAF67BEEB611}.Debug|Any CPU.Build.0 = Debug|Any CPU
		{BEAAFCB5-9F70-4205-BD28-DAF67BEEB611}.Debug|x64.ActiveCfg = Debug|Any CPU
		{BEAAFCB5-9F70-4205-BD28-DAF67BEEB611}.Debug|x64.Build.0 = Debug|Any CPU
		{BEAAFCB5-9F70-4205-BD28-DAF67BEEB611}.Debug|x86.ActiveCfg = Debug|Any CPU
		{BEAAFCB5-9F70-4205-BD28-DAF67BEEB611}.Debug|x86.Build.0 = Debug|Any CPU
		{BEAAFCB5-9F70-4205-BD28-DAF67BEEB611}.Release|Any CPU.ActiveCfg = Release|Any CPU
		{BEAAFCB5-9F70-4205-BD28-DAF67BEEB611}.Release|Any CPU.Build.0 = Release|Any CPU
		{BEAAFCB5-9F70-4205-BD28-DAF67BEEB611}.Release|x64.ActiveCfg = Release|Any CPU
		{BEAAFCB5-9F70-4205-BD28-DAF67BEEB611}.Release|x64.Build.0 = Release|Any CPU
		{BEAAFCB5-9F70-4205-BD28-DAF67BEEB611}.Release|x86.ActiveCfg = Release|Any CPU
		{BEAAFCB5-9F70-4205-BD28-DAF67BEEB611}.Release|x86.Build.0 = Release|Any CPU
		{835A911D-53DE-4BF4-973F-2AFC7B6FE1AB}.Debug|Any CPU.ActiveCfg = Debug|Any CPU
		{835A911D-53DE-4BF4-973F-2AFC7B6FE1AB}.Debug|Any CPU.Build.0 = Debug|Any CPU
		{835A911D-53DE-4BF4-973F-2AFC7B6FE1AB}.Debug|x64.ActiveCfg = Debug|Any CPU
		{835A911D-53DE-4BF4-973F-2AFC7B6FE1AB}.Debug|x64.Build.0 = Debug|Any CPU
		{835A911D-53DE-4BF4-973F-2AFC7B6FE1AB}.Debug|x86.ActiveCfg = Debug|Any CPU
		{835A911D-53DE-4BF4-973F-2AFC7B6FE1AB}.Debug|x86.Build.0 = Debug|Any CPU
		{835A911D-53DE-4BF4-973F-2AFC7B6FE1AB}.Release|Any CPU.ActiveCfg = Release|Any CPU
		{835A911D-53DE-4BF4-973F-2AFC7B6FE1AB}.Release|Any CPU.Build.0 = Release|Any CPU
		{835A911D-53DE-4BF4-973F-2AFC7B6FE1AB}.Release|x64.ActiveCfg = Release|Any CPU
		{835A911D-53DE-4BF4-973F-2AFC7B6FE1AB}.Release|x64.Build.0 = Release|Any CPU
		{835A911D-53DE-4BF4-973F-2AFC7B6FE1AB}.Release|x86.ActiveCfg = Release|Any CPU
		{835A911D-53DE-4BF4-973F-2AFC7B6FE1AB}.Release|x86.Build.0 = Release|Any CPU
		{D89F7666-1101-4F27-9726-CC55A658C044}.Debug|Any CPU.ActiveCfg = Debug|Any CPU
		{D89F7666-1101-4F27-9726-CC55A658C044}.Debug|Any CPU.Build.0 = Debug|Any CPU
		{D89F7666-1101-4F27-9726-CC55A658C044}.Debug|x64.ActiveCfg = Debug|Any CPU
		{D89F7666-1101-4F27-9726-CC55A658C044}.Debug|x64.Build.0 = Debug|Any CPU
		{D89F7666-1101-4F27-9726-CC55A658C044}.Debug|x86.ActiveCfg = Debug|Any CPU
		{D89F7666-1101-4F27-9726-CC55A658C044}.Debug|x86.Build.0 = Debug|Any CPU
		{D89F7666-1101-4F27-9726-CC55A658C044}.Release|Any CPU.ActiveCfg = Release|Any CPU
		{D89F7666-1101-4F27-9726-CC55A658C044}.Release|Any CPU.Build.0 = Release|Any CPU
		{D89F7666-1101-4F27-9726-CC55A658C044}.Release|x64.ActiveCfg = Release|Any CPU
		{D89F7666-1101-4F27-9726-CC55A658C044}.Release|x64.Build.0 = Release|Any CPU
		{D89F7666-1101-4F27-9726-CC55A658C044}.Release|x86.ActiveCfg = Release|Any CPU
		{D89F7666-1101-4F27-9726-CC55A658C044}.Release|x86.Build.0 = Release|Any CPU
	EndGlobalSection
	GlobalSection(SolutionProperties) = preSolution
		HideSolutionNode = FALSE
	EndGlobalSection
	GlobalSection(NestedProjects) = preSolution
		{4035737C-4917-4EA6-87DE-DF850974F078} = {827E0CD3-B72D-47B6-A68D-7590B98EB39B}
		{1B6F84D2-19D4-4C4B-9F00-F84DD98ACA04} = {827E0CD3-B72D-47B6-A68D-7590B98EB39B}
		{F039FC2D-4959-405C-9BE0-22BE74835B0C} = {827E0CD3-B72D-47B6-A68D-7590B98EB39B}
		{BEAAFCB5-9F70-4205-BD28-DAF67BEEB611} = {827E0CD3-B72D-47B6-A68D-7590B98EB39B}
		{835A911D-53DE-4BF4-973F-2AFC7B6FE1AB} = {0AB3BF05-4346-4AA6-1389-037BE0695223}
		{D89F7666-1101-4F27-9726-CC55A658C044} = {0AB3BF05-4346-4AA6-1389-037BE0695223}
	EndGlobalSection
EndGlobal
